
Microsoft Visual Studio Solution File, Format Version 12.00
# Visual Studio Version 17
Project("{2150E333-8FDC-42A3-9474-1A3956D46DE8}") = "CMakePredefinedTargets", "CMakePredefinedTargets", "{136D18BA-B771-3ECA-A8C6-87FA4AFE2CEC}"
EndProject
Project("{8BC9CEB8-8B4A-11D0-8D11-00A0C91BC942}") = "CSC8503", "CSC8503\CSC8503.vcxproj", "{95CA4D88-1EE3-316C-8AC8-F74FBF2F238E}"
	ProjectSection(ProjectDependencies) = postProject
		{F6FE8084-5756-38C2-B4A8-E9D96A080421} = {F6FE8084-5756-38C2-B4A8-E9D96A080421}
		{D903CAE3-26C8-3D7F-9211-8109FA610378} = {D903CAE3-26C8-3D7F-9211-8109FA610378}
		{51DDCE53-0145-31B1-8E53-0C265A1DAE30} = {51DDCE53-0145-31B1-8E53-0C265A1DAE30}
		{4476857D-A845-3B3A-B57A-8D1A13E00825} = {4476857D-A845-3B3A-B57A-8D1A13E00825}
	EndProjectSection
EndProject
Project("{8BC9CEB8-8B4A-11D0-8D11-00A0C91BC942}") = "ALL_BUILD", "ALL_BUILD.vcxproj", "{D4543594-3486-3CBF-AF34-1296A0327D1F}"
	ProjectSection(ProjectDependencies) = postProject
		{95CA4D88-1EE3-316C-8AC8-F74FBF2F238E} = {95CA4D88-1EE3-316C-8AC8-F74FBF2F238E}
		{F6FE8084-5756-38C2-B4A8-E9D96A080421} = {F6FE8084-5756-38C2-B4A8-E9D96A080421}
		{D903CAE3-26C8-3D7F-9211-8109FA610378} = {D903CAE3-26C8-3D7F-9211-8109FA610378}
		{51DDCE53-0145-31B1-8E53-0C265A1DAE30} = {51DDCE53-0145-31B1-8E53-0C265A1DAE30}
		{4476857D-A845-3B3A-B57A-8D1A13E00825} = {4476857D-A845-3B3A-B57A-8D1A13E00825}
	EndProjectSection
EndProject
Project("{8BC9CEB8-8B4A-11D0-8D11-00A0C91BC942}") = "CSC8503CoreClasses", "CSC8503CoreClasses\CSC8503CoreClasses.vcxproj", "{F6FE8084-5756-38C2-B4A8-E9D96A080421}"
	ProjectSection(ProjectDependencies) = postProject
		{4476857D-A845-3B3A-B57A-8D1A13E00825} = {4476857D-A845-3B3A-B57A-8D1A13E00825}
	EndProjectSection
EndProject
Project("{8BC9CEB8-8B4A-11D0-8D11-00A0C91BC942}") = "NCLCoreClasses", "NCLCoreClasses\NCLCoreClasses.vcxproj", "{D903CAE3-26C8-3D7F-9211-8109FA610378}"
	ProjectSection(ProjectDependencies) = postProject
		{4476857D-A845-3B3A-B57A-8D1A13E00825} = {4476857D-A845-3B3A-B57A-8D1A13E00825}
	EndProjectSection
EndProject
Project("{8BC9CEB8-8B4A-11D0-8D11-00A0C91BC942}") = "OpenGLRendering", "OpenGLRendering\OpenGLRendering.vcxproj", "{51DDCE53-0145-31B1-8E53-0C265A1DAE30}"
	ProjectSection(ProjectDependencies) = postProject
		{D903CAE3-26C8-3D7F-9211-8109FA610378} = {D903CAE3-26C8-3D7F-9211-8109FA610378}
		{4476857D-A845-3B3A-B57A-8D1A13E00825} = {4476857D-A845-3B3A-B57A-8D1A13E00825}
	EndProjectSection
EndProject
Project("{8BC9CEB8-8B4A-11D0-8D11-00A0C91BC942}") = "ZERO_CHECK", "ZERO_CHECK.vcxproj", "{4476857D-A845-3B3A-B57A-8D1A13E00825}"
	ProjectSection(ProjectDependencies) = postProject
	EndProjectSection
EndProject
Global
	GlobalSection(SolutionConfigurationPlatforms) = preSolution
		Debug|x64 = Debug|x64
		Release|x64 = Release|x64
	EndGlobalSection
	GlobalSection(ProjectConfigurationPlatforms) = postSolution
		{95CA4D88-1EE3-316C-8AC8-F74FBF2F238E}.Debug|x64.ActiveCfg = Debug|x64
		{95CA4D88-1EE3-316C-8AC8-F74FBF2F238E}.Debug|x64.Build.0 = Debug|x64
		{95CA4D88-1EE3-316C-8AC8-F74FBF2F238E}.Release|x64.ActiveCfg = Release|x64
		{95CA4D88-1EE3-316C-8AC8-F74FBF2F238E}.Release|x64.Build.0 = Release|x64
		{D4543594-3486-3CBF-AF34-1296A0327D1F}.Debug|x64.ActiveCfg = Debug|x64
		{D4543594-3486-3CBF-AF34-1296A0327D1F}.Release|x64.ActiveCfg = Release|x64
		{F6FE8084-5756-38C2-B4A8-E9D96A080421}.Debug|x64.ActiveCfg = Debug|x64
		{F6FE8084-5756-38C2-B4A8-E9D96A080421}.Debug|x64.Build.0 = Debug|x64
		{F6FE8084-5756-38C2-B4A8-E9D96A080421}.Release|x64.ActiveCfg = Release|x64
		{F6FE8084-5756-38C2-B4A8-E9D96A080421}.Release|x64.Build.0 = Release|x64
		{D903CAE3-26C8-3D7F-9211-8109FA610378}.Debug|x64.ActiveCfg = Debug|x64
		{D903CAE3-26C8-3D7F-9211-8109FA610378}.Debug|x64.Build.0 = Debug|x64
		{D903CAE3-26C8-3D7F-9211-8109FA610378}.Release|x64.ActiveCfg = Release|x64
		{D903CAE3-26C8-3D7F-9211-8109FA610378}.Release|x64.Build.0 = Release|x64
		{51DDCE53-0145-31B1-8E53-0C265A1DAE30}.Debug|x64.ActiveCfg = Debug|x64
		{51DDCE53-0145-31B1-8E53-0C265A1DAE30}.Debug|x64.Build.0 = Debug|x64
		{51DDCE53-0145-31B1-8E53-0C265A1DAE30}.Release|x64.ActiveCfg = Release|x64
		{51DDCE53-0145-31B1-8E53-0C265A1DAE30}.Release|x64.Build.0 = Release|x64
		{4476857D-A845-3B3A-B57A-8D1A13E00825}.Debug|x64.ActiveCfg = Debug|x64
		{4476857D-A845-3B3A-B57A-8D1A13E00825}.Debug|x64.Build.0 = Debug|x64
		{4476857D-A845-3B3A-B57A-8D1A13E00825}.Release|x64.ActiveCfg = Release|x64
		{4476857D-A845-3B3A-B57A-8D1A13E00825}.Release|x64.Build.0 = Release|x64
	EndGlobalSection
	GlobalSection(NestedProjects) = preSolution
		{D4543594-3486-3CBF-AF34-1296A0327D1F} = {136D18BA-B771-3ECA-A8C6-87FA4AFE2CEC}
		{4476857D-A845-3B3A-B57A-8D1A13E00825} = {136D18BA-B771-3ECA-A8C6-87FA4AFE2CEC}
	EndGlobalSection
	GlobalSection(ExtensibilityGlobals) = postSolution
		SolutionGuid = {60400596-6EB8-3CCB-84F5-0FB057F62CC7}
	EndGlobalSection
	GlobalSection(ExtensibilityAddIns) = postSolution
	EndGlobalSection
EndGlobal
