
Microsoft Visual Studio Solution File, Format Version 12.00
# Visual Studio Version 17
Project("{2150E333-8FDC-42A3-9474-1A3956D46DE8}") = "CMakePredefinedTargets", "CMakePredefinedTargets", "{07782B86-6C9F-3DD0-AB08-86783FE4662F}"
EndProject
Project("{8BC9CEB8-8B4A-11D0-8D11-00A0C91BC942}") = "CSC8503", "CSC8503\CSC8503.vcxproj", "{7B9FE932-FCD7-3F2C-96F9-539166C2A0BB}"
	ProjectSection(ProjectDependencies) = postProject
		{AC795285-A0FB-33CA-BD8C-ADC0215C7343} = {AC795285-A0FB-33CA-BD8C-ADC0215C7343}
		{4A4DB6E3-0181-3B1A-99D8-346663490396} = {4A4DB6E3-0181-3B1A-99D8-346663490396}
		{EBF889F0-21EE-3B5C-9FB9-64542519D888} = {EBF889F0-21EE-3B5C-9FB9-64542519D888}
		{15601EEA-32A0-39D3-A3CB-1F617E0F7D98} = {15601EEA-32A0-39D3-A3CB-1F617E0F7D98}
	EndProjectSection
EndProject
Project("{8BC9CEB8-8B4A-11D0-8D11-00A0C91BC942}") = "ALL_BUILD", "ALL_BUILD.vcxproj", "{DD074ABB-36BC-36B5-84AD-57D3A8D6A490}"
	ProjectSection(ProjectDependencies) = postProject
		{7B9FE932-FCD7-3F2C-96F9-539166C2A0BB} = {7B9FE932-FCD7-3F2C-96F9-539166C2A0BB}
		{AC795285-A0FB-33CA-BD8C-ADC0215C7343} = {AC795285-A0FB-33CA-BD8C-ADC0215C7343}
		{4A4DB6E3-0181-3B1A-99D8-346663490396} = {4A4DB6E3-0181-3B1A-99D8-346663490396}
		{EBF889F0-21EE-3B5C-9FB9-64542519D888} = {EBF889F0-21EE-3B5C-9FB9-64542519D888}
		{15601EEA-32A0-39D3-A3CB-1F617E0F7D98} = {15601EEA-32A0-39D3-A3CB-1F617E0F7D98}
	EndProjectSection
EndProject
Project("{8BC9CEB8-8B4A-11D0-8D11-00A0C91BC942}") = "CSC8503CoreClasses", "CSC8503CoreClasses\CSC8503CoreClasses.vcxproj", "{AC795285-A0FB-33CA-BD8C-ADC0215C7343}"
	ProjectSection(ProjectDependencies) = postProject
		{15601EEA-32A0-39D3-A3CB-1F617E0F7D98} = {15601EEA-32A0-39D3-A3CB-1F617E0F7D98}
	EndProjectSection
EndProject
Project("{8BC9CEB8-8B4A-11D0-8D11-00A0C91BC942}") = "NCLCoreClasses", "NCLCoreClasses\NCLCoreClasses.vcxproj", "{4A4DB6E3-0181-3B1A-99D8-346663490396}"
	ProjectSection(ProjectDependencies) = postProject
		{15601EEA-32A0-39D3-A3CB-1F617E0F7D98} = {15601EEA-32A0-39D3-A3CB-1F617E0F7D98}
	EndProjectSection
EndProject
Project("{8BC9CEB8-8B4A-11D0-8D11-00A0C91BC942}") = "OpenGLRendering", "OpenGLRendering\OpenGLRendering.vcxproj", "{EBF889F0-21EE-3B5C-9FB9-64542519D888}"
	ProjectSection(ProjectDependencies) = postProject
		{4A4DB6E3-0181-3B1A-99D8-346663490396} = {4A4DB6E3-0181-3B1A-99D8-346663490396}
		{15601EEA-32A0-39D3-A3CB-1F617E0F7D98} = {15601EEA-32A0-39D3-A3CB-1F617E0F7D98}
	EndProjectSection
EndProject
Project("{8BC9CEB8-8B4A-11D0-8D11-00A0C91BC942}") = "ZERO_CHECK", "ZERO_CHECK.vcxproj", "{15601EEA-32A0-39D3-A3CB-1F617E0F7D98}"
	ProjectSection(ProjectDependencies) = postProject
	EndProjectSection
EndProject
Global
	GlobalSection(SolutionConfigurationPlatforms) = preSolution
		Debug|x64 = Debug|x64
		Release|x64 = Release|x64
	EndGlobalSection
	GlobalSection(ProjectConfigurationPlatforms) = postSolution
		{7B9FE932-FCD7-3F2C-96F9-539166C2A0BB}.Debug|x64.ActiveCfg = Debug|x64
		{7B9FE932-FCD7-3F2C-96F9-539166C2A0BB}.Debug|x64.Build.0 = Debug|x64
		{7B9FE932-FCD7-3F2C-96F9-539166C2A0BB}.Release|x64.ActiveCfg = Release|x64
		{7B9FE932-FCD7-3F2C-96F9-539166C2A0BB}.Release|x64.Build.0 = Release|x64
		{DD074ABB-36BC-36B5-84AD-57D3A8D6A490}.Debug|x64.ActiveCfg = Debug|x64
		{DD074ABB-36BC-36B5-84AD-57D3A8D6A490}.Release|x64.ActiveCfg = Release|x64
		{AC795285-A0FB-33CA-BD8C-ADC0215C7343}.Debug|x64.ActiveCfg = Debug|x64
		{AC795285-A0FB-33CA-BD8C-ADC0215C7343}.Debug|x64.Build.0 = Debug|x64
		{AC795285-A0FB-33CA-BD8C-ADC0215C7343}.Release|x64.ActiveCfg = Release|x64
		{AC795285-A0FB-33CA-BD8C-ADC0215C7343}.Release|x64.Build.0 = Release|x64
		{4A4DB6E3-0181-3B1A-99D8-346663490396}.Debug|x64.ActiveCfg = Debug|x64
		{4A4DB6E3-0181-3B1A-99D8-346663490396}.Debug|x64.Build.0 = Debug|x64
		{4A4DB6E3-0181-3B1A-99D8-346663490396}.Release|x64.ActiveCfg = Release|x64
		{4A4DB6E3-0181-3B1A-99D8-346663490396}.Release|x64.Build.0 = Release|x64
		{EBF889F0-21EE-3B5C-9FB9-64542519D888}.Debug|x64.ActiveCfg = Debug|x64
		{EBF889F0-21EE-3B5C-9FB9-64542519D888}.Debug|x64.Build.0 = Debug|x64
		{EBF889F0-21EE-3B5C-9FB9-64542519D888}.Release|x64.ActiveCfg = Release|x64
		{EBF889F0-21EE-3B5C-9FB9-64542519D888}.Release|x64.Build.0 = Release|x64
		{15601EEA-32A0-39D3-A3CB-1F617E0F7D98}.Debug|x64.ActiveCfg = Debug|x64
		{15601EEA-32A0-39D3-A3CB-1F617E0F7D98}.Debug|x64.Build.0 = Debug|x64
		{15601EEA-32A0-39D3-A3CB-1F617E0F7D98}.Release|x64.ActiveCfg = Release|x64
		{15601EEA-32A0-39D3-A3CB-1F617E0F7D98}.Release|x64.Build.0 = Release|x64
	EndGlobalSection
	GlobalSection(NestedProjects) = preSolution
		{DD074ABB-36BC-36B5-84AD-57D3A8D6A490} = {07782B86-6C9F-3DD0-AB08-86783FE4662F}
		{15601EEA-32A0-39D3-A3CB-1F617E0F7D98} = {07782B86-6C9F-3DD0-AB08-86783FE4662F}
	EndGlobalSection
	GlobalSection(ExtensibilityGlobals) = postSolution
		SolutionGuid = {AF8082E1-E5D7-38BB-81B5-CC789BF16FAF}
	EndGlobalSection
	GlobalSection(ExtensibilityAddIns) = postSolution
	EndGlobalSection
EndGlobal
