<?xml version="1.0" encoding="utf-8"?>
<Project ToolsVersion="17.0" xmlns="http://schemas.microsoft.com/developer/msbuild/2003">
  <ItemGroup>
    <CustomBuild Include="C:\Users\c4011955\CSC8503 Code 2024\CMakeFiles\0e35816222d44942553c29405e9b9e74\generate.stamp.rule">
      <Filter>CMake Rules</Filter>
    </CustomBuild>
  </ItemGroup>
  <ItemGroup>
    <Filter Include="CMake Rules">
      <UniqueIdentifier>{817F95E7-2DA8-300F-A94D-ED9CBF95FADC}</UniqueIdentifier>
    </Filter>
  </ItemGroup>
</Project>
