<?xml version="1.0" encoding="utf-8"?>
<Project ToolsVersion="17.0" xmlns="http://schemas.microsoft.com/developer/msbuild/2003">
  <ItemGroup>
    <ClCompile Include="C:\Users\Ameya\CSC8503 Code 2024\NCLCoreClasses\CMakeFiles\NCLCoreClasses.dir\cmake_pch.cxx">
      <Filter>Source Files</Filter>
    </ClCompile>
    <ClCompile Include="C:\Users\Ameya\CSC8503 Code 2024\NCLCoreClasses\Assets.cpp">
      <Filter>Asset Handling</Filter>
    </ClCompile>
    <ClCompile Include="C:\Users\Ameya\CSC8503 Code 2024\NCLCoreClasses\SimpleFont.cpp">
      <Filter>Asset Handling</Filter>
    </ClCompile>
    <ClCompile Include="C:\Users\Ameya\CSC8503 Code 2024\NCLCoreClasses\TextureLoader.cpp">
      <Filter>Asset Handling</Filter>
    </ClCompile>
    <ClCompile Include="C:\Users\Ameya\CSC8503 Code 2024\NCLCoreClasses\TextureWriter.cpp">
      <Filter>Asset Handling</Filter>
    </ClCompile>
    <ClCompile Include="C:\Users\Ameya\CSC8503 Code 2024\NCLCoreClasses\Maths.cpp">
      <Filter>Maths</Filter>
    </ClCompile>
    <ClCompile Include="C:\Users\Ameya\CSC8503 Code 2024\NCLCoreClasses\Plane.cpp">
      <Filter>Maths</Filter>
    </ClCompile>
    <ClCompile Include="C:\Users\Ameya\CSC8503 Code 2024\NCLCoreClasses\Frustum.cpp">
      <Filter>Maths</Filter>
    </ClCompile>
    <ClCompile Include="C:\Users\Ameya\CSC8503 Code 2024\NCLCoreClasses\Quaternion.cpp">
      <Filter>Maths</Filter>
    </ClCompile>
    <ClCompile Include="C:\Users\Ameya\CSC8503 Code 2024\NCLCoreClasses\MeshAnimation.cpp">
      <Filter>Rendering</Filter>
    </ClCompile>
    <ClCompile Include="C:\Users\Ameya\CSC8503 Code 2024\NCLCoreClasses\Mesh.cpp">
      <Filter>Rendering</Filter>
    </ClCompile>
    <ClCompile Include="C:\Users\Ameya\CSC8503 Code 2024\NCLCoreClasses\MshLoader.cpp">
      <Filter>Rendering</Filter>
    </ClCompile>
    <ClCompile Include="C:\Users\Ameya\CSC8503 Code 2024\NCLCoreClasses\MeshMaterial.cpp">
      <Filter>Rendering</Filter>
    </ClCompile>
    <ClCompile Include="C:\Users\Ameya\CSC8503 Code 2024\NCLCoreClasses\RendererBase.cpp">
      <Filter>Rendering</Filter>
    </ClCompile>
    <ClCompile Include="C:\Users\Ameya\CSC8503 Code 2024\NCLCoreClasses\Shader.cpp">
      <Filter>Rendering</Filter>
    </ClCompile>
    <ClCompile Include="C:\Users\Ameya\CSC8503 Code 2024\NCLCoreClasses\Texture.cpp">
      <Filter>Rendering</Filter>
    </ClCompile>
    <ClCompile Include="C:\Users\Ameya\CSC8503 Code 2024\NCLCoreClasses\Camera.cpp">
      <Filter>Source Files</Filter>
    </ClCompile>
    <ClCompile Include="C:\Users\Ameya\CSC8503 Code 2024\NCLCoreClasses\GameTimer.cpp">
      <Filter>Windowing and Input</Filter>
    </ClCompile>
    <ClCompile Include="C:\Users\Ameya\CSC8503 Code 2024\NCLCoreClasses\Keyboard.cpp">
      <Filter>Windowing and Input</Filter>
    </ClCompile>
    <ClCompile Include="C:\Users\Ameya\CSC8503 Code 2024\NCLCoreClasses\Mouse.cpp">
      <Filter>Windowing and Input</Filter>
    </ClCompile>
    <ClCompile Include="C:\Users\Ameya\CSC8503 Code 2024\NCLCoreClasses\Window.cpp">
      <Filter>Windowing and Input</Filter>
    </ClCompile>
    <ClCompile Include="C:\Users\Ameya\CSC8503 Code 2024\NCLCoreClasses\Controller.cpp">
      <Filter>Windowing and Input</Filter>
    </ClCompile>
    <ClCompile Include="C:\Users\Ameya\CSC8503 Code 2024\NCLCoreClasses\KeyboardMouseController.cpp">
      <Filter>Windowing and Input</Filter>
    </ClCompile>
    <ClCompile Include="C:\Users\Ameya\CSC8503 Code 2024\NCLCoreClasses\Win32Keyboard.cpp">
      <Filter>Windowing and Input\Win32</Filter>
    </ClCompile>
    <ClCompile Include="C:\Users\Ameya\CSC8503 Code 2024\NCLCoreClasses\Win32Mouse.cpp">
      <Filter>Windowing and Input\Win32</Filter>
    </ClCompile>
    <ClCompile Include="C:\Users\Ameya\CSC8503 Code 2024\NCLCoreClasses\Win32Window.cpp">
      <Filter>Windowing and Input\Win32</Filter>
    </ClCompile>
  </ItemGroup>
  <ItemGroup>
    <ClInclude Include="C:\Users\Ameya\CSC8503 Code 2024\NCLCoreClasses\Assets.h">
      <Filter>Asset Handling</Filter>
    </ClInclude>
    <ClInclude Include="C:\Users\Ameya\CSC8503 Code 2024\NCLCoreClasses\SimpleFont.h">
      <Filter>Asset Handling</Filter>
    </ClInclude>
    <ClInclude Include="C:\Users\Ameya\CSC8503 Code 2024\NCLCoreClasses\TextureLoader.h">
      <Filter>Asset Handling</Filter>
    </ClInclude>
    <ClInclude Include="C:\Users\Ameya\CSC8503 Code 2024\NCLCoreClasses\TextureWriter.h">
      <Filter>Asset Handling</Filter>
    </ClInclude>
    <ClInclude Include="C:\Users\Ameya\CSC8503 Code 2024\NCLCoreClasses\Camera.h">
      <Filter>Header Files</Filter>
    </ClInclude>
    <ClInclude Include="C:\Users\Ameya\CSC8503 Code 2024\NCLCoreClasses\Maths.h">
      <Filter>Maths</Filter>
    </ClInclude>
    <ClInclude Include="C:\Users\Ameya\CSC8503 Code 2024\NCLCoreClasses\Plane.h">
      <Filter>Maths</Filter>
    </ClInclude>
    <ClInclude Include="C:\Users\Ameya\CSC8503 Code 2024\NCLCoreClasses\Frustum.h">
      <Filter>Maths</Filter>
    </ClInclude>
    <ClInclude Include="C:\Users\Ameya\CSC8503 Code 2024\NCLCoreClasses\Quaternion.h">
      <Filter>Maths</Filter>
    </ClInclude>
    <ClInclude Include="C:\Users\Ameya\CSC8503 Code 2024\NCLCoreClasses\Vector.h">
      <Filter>Maths</Filter>
    </ClInclude>
    <ClInclude Include="C:\Users\Ameya\CSC8503 Code 2024\NCLCoreClasses\Matrix.h">
      <Filter>Maths</Filter>
    </ClInclude>
    <ClInclude Include="C:\Users\Ameya\CSC8503 Code 2024\NCLCoreClasses\MeshAnimation.h">
      <Filter>Rendering</Filter>
    </ClInclude>
    <ClInclude Include="C:\Users\Ameya\CSC8503 Code 2024\NCLCoreClasses\Mesh.h">
      <Filter>Rendering</Filter>
    </ClInclude>
    <ClInclude Include="C:\Users\Ameya\CSC8503 Code 2024\NCLCoreClasses\Buffer.h">
      <Filter>Rendering</Filter>
    </ClInclude>
    <ClInclude Include="C:\Users\Ameya\CSC8503 Code 2024\NCLCoreClasses\MshLoader.h">
      <Filter>Rendering</Filter>
    </ClInclude>
    <ClInclude Include="C:\Users\Ameya\CSC8503 Code 2024\NCLCoreClasses\MeshMaterial.h">
      <Filter>Rendering</Filter>
    </ClInclude>
    <ClInclude Include="C:\Users\Ameya\CSC8503 Code 2024\NCLCoreClasses\RendererBase.h">
      <Filter>Rendering</Filter>
    </ClInclude>
    <ClInclude Include="C:\Users\Ameya\CSC8503 Code 2024\NCLCoreClasses\Shader.h">
      <Filter>Rendering</Filter>
    </ClInclude>
    <ClInclude Include="C:\Users\Ameya\CSC8503 Code 2024\NCLCoreClasses\Texture.h">
      <Filter>Rendering</Filter>
    </ClInclude>
    <ClInclude Include="C:\Users\Ameya\CSC8503 Code 2024\NCLCoreClasses\GameTimer.h">
      <Filter>Windowing and Input</Filter>
    </ClInclude>
    <ClInclude Include="C:\Users\Ameya\CSC8503 Code 2024\NCLCoreClasses\Keyboard.h">
      <Filter>Windowing and Input</Filter>
    </ClInclude>
    <ClInclude Include="C:\Users\Ameya\CSC8503 Code 2024\NCLCoreClasses\Mouse.h">
      <Filter>Windowing and Input</Filter>
    </ClInclude>
    <ClInclude Include="C:\Users\Ameya\CSC8503 Code 2024\NCLCoreClasses\Window.h">
      <Filter>Windowing and Input</Filter>
    </ClInclude>
    <ClInclude Include="C:\Users\Ameya\CSC8503 Code 2024\NCLCoreClasses\Controller.h">
      <Filter>Windowing and Input</Filter>
    </ClInclude>
    <ClInclude Include="C:\Users\Ameya\CSC8503 Code 2024\NCLCoreClasses\KeyboardMouseController.h">
      <Filter>Windowing and Input</Filter>
    </ClInclude>
    <ClInclude Include="C:\Users\Ameya\CSC8503 Code 2024\NCLCoreClasses\Win32Keyboard.h">
      <Filter>Windowing and Input\Win32</Filter>
    </ClInclude>
    <ClInclude Include="C:\Users\Ameya\CSC8503 Code 2024\NCLCoreClasses\Win32Mouse.h">
      <Filter>Windowing and Input\Win32</Filter>
    </ClInclude>
    <ClInclude Include="C:\Users\Ameya\CSC8503 Code 2024\NCLCoreClasses\Win32Window.h">
      <Filter>Windowing and Input\Win32</Filter>
    </ClInclude>
    <ClInclude Include="C:\Users\Ameya\CSC8503 Code 2024\NCLCoreClasses\CMakeFiles\NCLCoreClasses.dir\Debug\cmake_pch.hxx">
      <Filter>Precompile Header File</Filter>
    </ClInclude>
    <ClInclude Include="C:\Users\Ameya\CSC8503 Code 2024\NCLCoreClasses\CMakeFiles\NCLCoreClasses.dir\Release\cmake_pch.hxx">
      <Filter>Precompile Header File</Filter>
    </ClInclude>
  </ItemGroup>
  <ItemGroup>
    <CustomBuild Include="C:\Users\Ameya\CSC8503 Code 2024\NCLCoreClasses\CMakeLists.txt" />
  </ItemGroup>
  <ItemGroup>
    <Filter Include="Asset Handling">
      <UniqueIdentifier>{92E153CB-778D-3B15-8641-AF4F92BA5EF2}</UniqueIdentifier>
    </Filter>
    <Filter Include="Header Files">
      <UniqueIdentifier>{CE6674F0-897B-31B5-BDB0-F3F5A8B3957B}</UniqueIdentifier>
    </Filter>
    <Filter Include="Maths">
      <UniqueIdentifier>{09D1891F-B9B1-39C8-BC01-90EDB744893A}</UniqueIdentifier>
    </Filter>
    <Filter Include="Precompile Header File">
      <UniqueIdentifier>{41EDD1EF-AB8F-3AD6-B476-598B198B9EAF}</UniqueIdentifier>
    </Filter>
    <Filter Include="Rendering">
      <UniqueIdentifier>{8F47378F-F4E3-3DB2-A700-05DE82CF9417}</UniqueIdentifier>
    </Filter>
    <Filter Include="Source Files">
      <UniqueIdentifier>{9E117DA8-5637-355E-AF46-DE64AA4079CA}</UniqueIdentifier>
    </Filter>
    <Filter Include="Windowing and Input">
      <UniqueIdentifier>{C03F4FA3-F3D8-3B2E-A534-23B19F738489}</UniqueIdentifier>
    </Filter>
    <Filter Include="Windowing and Input\Win32">
      <UniqueIdentifier>{73701767-3414-3225-B563-9A05B2A6D0C1}</UniqueIdentifier>
    </Filter>
  </ItemGroup>
</Project>
