<?xml version="1.0" encoding="utf-8"?>
<Project ToolsVersion="17.0" xmlns="http://schemas.microsoft.com/developer/msbuild/2003">
  <ItemGroup>
    <ClCompile Include="C:\Users\c4011955\NCLCoreClasses\CMakeFiles\NCLCoreClasses.dir\cmake_pch.cxx">
      <Filter>Source Files</Filter>
    </ClCompile>
    <ClCompile Include="C:\Users\c4011955\NCLCoreClasses\Assets.cpp">
      <Filter>Asset Handling</Filter>
    </ClCompile>
    <ClCompile Include="C:\Users\c4011955\NCLCoreClasses\SimpleFont.cpp">
      <Filter>Asset Handling</Filter>
    </ClCompile>
    <ClCompile Include="C:\Users\c4011955\NCLCoreClasses\TextureLoader.cpp">
      <Filter>Asset Handling</Filter>
    </ClCompile>
    <ClCompile Include="C:\Users\c4011955\NCLCoreClasses\TextureWriter.cpp">
      <Filter>Asset Handling</Filter>
    </ClCompile>
    <ClCompile Include="C:\Users\c4011955\NCLCoreClasses\Maths.cpp">
      <Filter>Maths</Filter>
    </ClCompile>
    <ClCompile Include="C:\Users\c4011955\NCLCoreClasses\Plane.cpp">
      <Filter>Maths</Filter>
    </ClCompile>
    <ClCompile Include="C:\Users\c4011955\NCLCoreClasses\Frustum.cpp">
      <Filter>Maths</Filter>
    </ClCompile>
    <ClCompile Include="C:\Users\c4011955\NCLCoreClasses\Quaternion.cpp">
      <Filter>Maths</Filter>
    </ClCompile>
    <ClCompile Include="C:\Users\c4011955\NCLCoreClasses\MeshAnimation.cpp">
      <Filter>Rendering</Filter>
    </ClCompile>
    <ClCompile Include="C:\Users\c4011955\NCLCoreClasses\Mesh.cpp">
      <Filter>Rendering</Filter>
    </ClCompile>
    <ClCompile Include="C:\Users\c4011955\NCLCoreClasses\MshLoader.cpp">
      <Filter>Rendering</Filter>
    </ClCompile>
    <ClCompile Include="C:\Users\c4011955\NCLCoreClasses\MeshMaterial.cpp">
      <Filter>Rendering</Filter>
    </ClCompile>
    <ClCompile Include="C:\Users\c4011955\NCLCoreClasses\RendererBase.cpp">
      <Filter>Rendering</Filter>
    </ClCompile>
    <ClCompile Include="C:\Users\c4011955\NCLCoreClasses\Shader.cpp">
      <Filter>Rendering</Filter>
    </ClCompile>
    <ClCompile Include="C:\Users\c4011955\NCLCoreClasses\Texture.cpp">
      <Filter>Rendering</Filter>
    </ClCompile>
    <ClCompile Include="C:\Users\c4011955\NCLCoreClasses\Camera.cpp">
      <Filter>Source Files</Filter>
    </ClCompile>
    <ClCompile Include="C:\Users\c4011955\NCLCoreClasses\GameTimer.cpp">
      <Filter>Windowing and Input</Filter>
    </ClCompile>
    <ClCompile Include="C:\Users\c4011955\NCLCoreClasses\Keyboard.cpp">
      <Filter>Windowing and Input</Filter>
    </ClCompile>
    <ClCompile Include="C:\Users\c4011955\NCLCoreClasses\Mouse.cpp">
      <Filter>Windowing and Input</Filter>
    </ClCompile>
    <ClCompile Include="C:\Users\c4011955\NCLCoreClasses\Window.cpp">
      <Filter>Windowing and Input</Filter>
    </ClCompile>
    <ClCompile Include="C:\Users\c4011955\NCLCoreClasses\Controller.cpp">
      <Filter>Windowing and Input</Filter>
    </ClCompile>
    <ClCompile Include="C:\Users\c4011955\NCLCoreClasses\KeyboardMouseController.cpp">
      <Filter>Windowing and Input</Filter>
    </ClCompile>
    <ClCompile Include="C:\Users\c4011955\NCLCoreClasses\Win32Keyboard.cpp">
      <Filter>Windowing and Input\Win32</Filter>
    </ClCompile>
    <ClCompile Include="C:\Users\c4011955\NCLCoreClasses\Win32Mouse.cpp">
      <Filter>Windowing and Input\Win32</Filter>
    </ClCompile>
    <ClCompile Include="C:\Users\c4011955\NCLCoreClasses\Win32Window.cpp">
      <Filter>Windowing and Input\Win32</Filter>
    </ClCompile>
  </ItemGroup>
  <ItemGroup>
    <ClInclude Include="C:\Users\c4011955\NCLCoreClasses\Assets.h">
      <Filter>Asset Handling</Filter>
    </ClInclude>
    <ClInclude Include="C:\Users\c4011955\NCLCoreClasses\SimpleFont.h">
      <Filter>Asset Handling</Filter>
    </ClInclude>
    <ClInclude Include="C:\Users\c4011955\NCLCoreClasses\TextureLoader.h">
      <Filter>Asset Handling</Filter>
    </ClInclude>
    <ClInclude Include="C:\Users\c4011955\NCLCoreClasses\TextureWriter.h">
      <Filter>Asset Handling</Filter>
    </ClInclude>
    <ClInclude Include="C:\Users\c4011955\NCLCoreClasses\Camera.h">
      <Filter>Header Files</Filter>
    </ClInclude>
    <ClInclude Include="C:\Users\c4011955\NCLCoreClasses\Maths.h">
      <Filter>Maths</Filter>
    </ClInclude>
    <ClInclude Include="C:\Users\c4011955\NCLCoreClasses\Plane.h">
      <Filter>Maths</Filter>
    </ClInclude>
    <ClInclude Include="C:\Users\c4011955\NCLCoreClasses\Frustum.h">
      <Filter>Maths</Filter>
    </ClInclude>
    <ClInclude Include="C:\Users\c4011955\NCLCoreClasses\Quaternion.h">
      <Filter>Maths</Filter>
    </ClInclude>
    <ClInclude Include="C:\Users\c4011955\NCLCoreClasses\Vector.h">
      <Filter>Maths</Filter>
    </ClInclude>
    <ClInclude Include="C:\Users\c4011955\NCLCoreClasses\Matrix.h">
      <Filter>Maths</Filter>
    </ClInclude>
    <ClInclude Include="C:\Users\c4011955\NCLCoreClasses\MeshAnimation.h">
      <Filter>Rendering</Filter>
    </ClInclude>
    <ClInclude Include="C:\Users\c4011955\NCLCoreClasses\Mesh.h">
      <Filter>Rendering</Filter>
    </ClInclude>
    <ClInclude Include="C:\Users\c4011955\NCLCoreClasses\Buffer.h">
      <Filter>Rendering</Filter>
    </ClInclude>
    <ClInclude Include="C:\Users\c4011955\NCLCoreClasses\MshLoader.h">
      <Filter>Rendering</Filter>
    </ClInclude>
    <ClInclude Include="C:\Users\c4011955\NCLCoreClasses\MeshMaterial.h">
      <Filter>Rendering</Filter>
    </ClInclude>
    <ClInclude Include="C:\Users\c4011955\NCLCoreClasses\RendererBase.h">
      <Filter>Rendering</Filter>
    </ClInclude>
    <ClInclude Include="C:\Users\c4011955\NCLCoreClasses\Shader.h">
      <Filter>Rendering</Filter>
    </ClInclude>
    <ClInclude Include="C:\Users\c4011955\NCLCoreClasses\Texture.h">
      <Filter>Rendering</Filter>
    </ClInclude>
    <ClInclude Include="C:\Users\c4011955\NCLCoreClasses\GameTimer.h">
      <Filter>Windowing and Input</Filter>
    </ClInclude>
    <ClInclude Include="C:\Users\c4011955\NCLCoreClasses\Keyboard.h">
      <Filter>Windowing and Input</Filter>
    </ClInclude>
    <ClInclude Include="C:\Users\c4011955\NCLCoreClasses\Mouse.h">
      <Filter>Windowing and Input</Filter>
    </ClInclude>
    <ClInclude Include="C:\Users\c4011955\NCLCoreClasses\Window.h">
      <Filter>Windowing and Input</Filter>
    </ClInclude>
    <ClInclude Include="C:\Users\c4011955\NCLCoreClasses\Controller.h">
      <Filter>Windowing and Input</Filter>
    </ClInclude>
    <ClInclude Include="C:\Users\c4011955\NCLCoreClasses\KeyboardMouseController.h">
      <Filter>Windowing and Input</Filter>
    </ClInclude>
    <ClInclude Include="C:\Users\c4011955\NCLCoreClasses\Win32Keyboard.h">
      <Filter>Windowing and Input\Win32</Filter>
    </ClInclude>
    <ClInclude Include="C:\Users\c4011955\NCLCoreClasses\Win32Mouse.h">
      <Filter>Windowing and Input\Win32</Filter>
    </ClInclude>
    <ClInclude Include="C:\Users\c4011955\NCLCoreClasses\Win32Window.h">
      <Filter>Windowing and Input\Win32</Filter>
    </ClInclude>
    <ClInclude Include="C:\Users\c4011955\NCLCoreClasses\CMakeFiles\NCLCoreClasses.dir\Debug\cmake_pch.hxx">
      <Filter>Precompile Header File</Filter>
    </ClInclude>
    <ClInclude Include="C:\Users\c4011955\NCLCoreClasses\CMakeFiles\NCLCoreClasses.dir\Release\cmake_pch.hxx">
      <Filter>Precompile Header File</Filter>
    </ClInclude>
  </ItemGroup>
  <ItemGroup>
    <CustomBuild Include="C:\Users\c4011955\NCLCoreClasses\CMakeLists.txt" />
  </ItemGroup>
  <ItemGroup>
    <Filter Include="Asset Handling">
      <UniqueIdentifier>{74C2AC78-425D-3562-B15F-24E123D1EBD1}</UniqueIdentifier>
    </Filter>
    <Filter Include="Header Files">
      <UniqueIdentifier>{F75DC17F-D866-32BF-91C2-F500175D77C1}</UniqueIdentifier>
    </Filter>
    <Filter Include="Maths">
      <UniqueIdentifier>{DDE6CA06-8D64-3E30-AB29-962C453E3A45}</UniqueIdentifier>
    </Filter>
    <Filter Include="Precompile Header File">
      <UniqueIdentifier>{1F4EC7F1-AD58-33FD-B785-EF804CA09434}</UniqueIdentifier>
    </Filter>
    <Filter Include="Rendering">
      <UniqueIdentifier>{5F96D966-A6DF-3F88-BF4E-FD754EC00C09}</UniqueIdentifier>
    </Filter>
    <Filter Include="Source Files">
      <UniqueIdentifier>{D1AC32A0-CCC3-3A07-B3B5-98D2FFAE06FE}</UniqueIdentifier>
    </Filter>
    <Filter Include="Windowing and Input">
      <UniqueIdentifier>{75BB0EFC-5840-394F-9C3B-C497CD728E2B}</UniqueIdentifier>
    </Filter>
    <Filter Include="Windowing and Input\Win32">
      <UniqueIdentifier>{3B427466-175F-3F22-AD31-E071D0717E5E}</UniqueIdentifier>
    </Filter>
  </ItemGroup>
</Project>
